<?xml version="1.0" encoding="utf-8"?>
<Project ToolsVersion="4.0" xmlns="http://schemas.microsoft.com/developer/msbuild/2003">
  <ItemGroup>
    <Filter Include="Source Files">
      <UniqueIdentifier>{f0ed9d54-88db-4886-b278-d1d126b9fdf9}</UniqueIdentifier>
      <Extensions>cpp;c;cxx;rc;def;r;odl;idl;hpj;bat</Extensions>
    </Filter>
    <Filter Include="Header Files">
      <UniqueIdentifier>{95f0155b-0bb2-4c18-9689-f4a10c1ba57e}</UniqueIdentifier>
      <Extensions>h;hpp;hxx;hm;inl</Extensions>
    </Filter>
  </ItemGroup>
  <ItemGroup>
    <ClCompile Include="..\..\libspeex\bits.c">
      <Filter>Source Files</Filter>
    </ClCompile>
    <ClCompile Include="..\..\libspeex\cb_search.c">
      <Filter>Source Files</Filter>
    </ClCompile>
    <ClCompile Include="..\..\libspeex\exc_10_16_table.c">
      <Filter>Source Files</Filter>
    </ClCompile>
    <ClCompile Include="..\..\libspeex\exc_10_32_table.c">
      <Filter>Source Files</Filter>
    </ClCompile>
    <ClCompile Include="..\..\libspeex\exc_20_32_table.c">
      <Filter>Source Files</Filter>
    </ClCompile>
    <ClCompile Include="..\..\libspeex\exc_5_256_table.c">
      <Filter>Source Files</Filter>
    </ClCompile>
    <ClCompile Include="..\..\libspeex\exc_5_64_table.c">
      <Filter>Source Files</Filter>
    </ClCompile>
    <ClCompile Include="..\..\libspeex\exc_8_128_table.c">
      <Filter>Source Files</Filter>
    </ClCompile>
    <ClCompile Include="..\..\libspeex\filters.c">
      <Filter>Source Files</Filter>
    </ClCompile>
    <ClCompile Include="..\..\libspeex\gain_table.c">
      <Filter>Source Files</Filter>
    </ClCompile>
    <ClCompile Include="..\..\libspeex\gain_table_lbr.c">
      <Filter>Source Files</Filter>
    </ClCompile>
    <ClCompile Include="..\..\libspeex\hexc_10_32_table.c">
      <Filter>Source Files</Filter>
    </ClCompile>
    <ClCompile Include="..\..\libspeex\hexc_table.c">
      <Filter>Source Files</Filter>
    </ClCompile>
    <ClCompile Include="..\..\libspeex\high_lsp_tables.c">
      <Filter>Source Files</Filter>
    </ClCompile>
    <ClCompile Include="..\..\libspeex\lpc.c">
      <Filter>Source Files</Filter>
    </ClCompile>
    <ClCompile Include="..\..\libspeex\lsp.c">
      <Filter>Source Files</Filter>
    </ClCompile>
    <ClCompile Include="..\..\libspeex\lsp_tables_nb.c">
      <Filter>Source Files</Filter>
    </ClCompile>
    <ClCompile Include="..\..\libspeex\ltp.c">
      <Filter>Source Files</Filter>
    </ClCompile>
    <ClCompile Include="..\..\libspeex\math_approx.c">
      <Filter>Source Files</Filter>
    </ClCompile>
    <ClCompile Include="..\..\libspeex\misc.c">
      <Filter>Source Files</Filter>
    </ClCompile>
    <ClCompile Include="..\..\libspeex\modes.c">
      <Filter>Source Files</Filter>
    </ClCompile>
    <ClCompile Include="..\..\libspeex\nb_celp.c">
      <Filter>Source Files</Filter>
    </ClCompile>
    <ClCompile Include="..\..\libspeex\preprocess.c">
      <Filter>Source Files</Filter>
    </ClCompile>
    <ClCompile Include="..\..\libspeex\quant_lsp.c">
      <Filter>Source Files</Filter>
    </ClCompile>
    <ClCompile Include="..\..\libspeex\sb_celp.c">
      <Filter>Source Files</Filter>
    </ClCompile>
    <ClCompile Include="..\..\libspeex\smallft.c">
      <Filter>Source Files</Filter>
    </ClCompile>
    <ClCompile Include="..\..\libspeex\speex.c">
      <Filter>Source Files</Filter>
    </ClCompile>
    <ClCompile Include="..\..\libspeex\speex_callbacks.c">
      <Filter>Source Files</Filter>
    </ClCompile>
    <ClCompile Include="..\..\libspeex\speex_header.c">
      <Filter>Source Files</Filter>
    </ClCompile>
    <ClCompile Include="..\..\libspeex\stereo.c">
      <Filter>Source Files</Filter>
    </ClCompile>
    <ClCompile Include="..\..\libspeex\vbr.c">
      <Filter>Source Files</Filter>
    </ClCompile>
    <ClCompile Include="..\..\libspeex\vq.c">
      <Filter>Source Files</Filter>
    </ClCompile>
  </ItemGroup>
  <ItemGroup>
    <ClInclude Include="..\..\libspeex\cb_search.h">
      <Filter>Header Files</Filter>
    </ClInclude>
    <ClInclude Include="..\..\libspeex\filters.h">
      <Filter>Header Files</Filter>
    </ClInclude>
    <ClInclude Include="..\..\libspeex\lpc.h">
      <Filter>Header Files</Filter>
    </ClInclude>
    <ClInclude Include="..\..\libspeex\lsp.h">
      <Filter>Header Files</Filter>
    </ClInclude>
    <ClInclude Include="..\..\libspeex\ltp.h">
      <Filter>Header Files</Filter>
    </ClInclude>
    <ClInclude Include="..\..\libspeex\misc.h">
      <Filter>Header Files</Filter>
    </ClInclude>
    <ClInclude Include="..\..\libspeex\modes.h">
      <Filter>Header Files</Filter>
    </ClInclude>
    <ClInclude Include="..\..\libspeex\nb_celp.h">
      <Filter>Header Files</Filter>
    </ClInclude>
    <ClInclude Include="..\..\libspeex\quant_lsp.h">
      <Filter>Header Files</Filter>
    </ClInclude>
    <ClInclude Include="..\..\libspeex\sb_celp.h">
      <Filter>Header Files</Filter>
    </ClInclude>
    <ClInclude Include="..\..\libspeex\smallft.h">
      <Filter>Header Files</Filter>
    </ClInclude>
    <ClInclude Include="..\..\libspeex\speex.h">
      <Filter>Header Files</Filter>
    </ClInclude>
    <ClInclude Include="..\..\libspeex\speex_bits.h">
      <Filter>Header Files</Filter>
    </ClInclude>
    <ClInclude Include="..\..\libspeex\speex_callbacks.h">
      <Filter>Header Files</Filter>
    </ClInclude>
    <ClInclude Include="..\..\libspeex\speex_denoise.h">
      <Filter>Header Files</Filter>
    </ClInclude>
    <ClInclude Include="..\..\libspeex\speex_header.h">
      <Filter>Header Files</Filter>
    </ClInclude>
    <ClInclude Include="..\..\libspeex\speex_stereo.h">
      <Filter>Header Files</Filter>
    </ClInclude>
    <ClInclude Include="..\..\libspeex\stack_alloc.h">
      <Filter>Header Files</Filter>
    </ClInclude>
    <ClInclude Include="..\..\libspeex\vbr.h">
      <Filter>Header Files</Filter>
    </ClInclude>
    <ClInclude Include="..\..\libspeex\vq.h">
      <Filter>Header Files</Filter>
    </ClInclude>
  </ItemGroup>
</Project>