
Microsoft Visual Studio Solution File, Format Version 11.00
# Visual Studio 2010
Project("{8BC9CEB8-8B4A-11D0-8D11-00A0C91BC942}") = "libspeex", "..\libspeex\libspeex.vcxproj", "{6FBDB071-E767-E1EB-9B2E-891F68695A27}"
EndProject
Project("{059D6162-CD51-11D0-AE1F-00A0C90FFFC3}") = "ogg_static", "..\..\..\MYOV-1.0\ogg\win32\ogg_static.dsp", "{C5065EB9-90A3-4ECE-9FED-B9B9A5CF1C7E}"
EndProject
Project("{8BC9CEB8-8B4A-11D0-8D11-00A0C91BC942}") = "speexenc", "speexenc.vcxproj", "{DA0E72C5-2B10-3F79-9FF6-70E2088A2C91}"
	ProjectSection(ProjectDependencies) = postProject
		{6FBDB071-E767-E1EB-9B2E-891F68695A27} = {6FBDB071-E767-E1EB-9B2E-891F68695A27}
		{C5065EB9-90A3-4ECE-9FED-B9B9A5CF1C7E} = {C5065EB9-90A3-4ECE-9FED-B9B9A5CF1C7E}
	EndProjectSection
EndProject
Global
	GlobalSection(SolutionConfigurationPlatforms) = preSolution
		Debug|Win32 = Debug|Win32
		Release|Win32 = Release|Win32
		Template|Win32 = Template|Win32
	EndGlobalSection
	GlobalSection(ProjectConfigurationPlatforms) = postSolution
		{6FBDB071-E767-E1EB-9B2E-891F68695A27}.Debug|Win32.ActiveCfg = Debug|Win32
		{6FBDB071-E767-E1EB-9B2E-891F68695A27}.Debug|Win32.Build.0 = Debug|Win32
		{6FBDB071-E767-E1EB-9B2E-891F68695A27}.Release|Win32.ActiveCfg = Release|Win32
		{6FBDB071-E767-E1EB-9B2E-891F68695A27}.Release|Win32.Build.0 = Release|Win32
		{6FBDB071-E767-E1EB-9B2E-891F68695A27}.Template|Win32.ActiveCfg = Release|Win32
		{6FBDB071-E767-E1EB-9B2E-891F68695A27}.Template|Win32.Build.0 = Release|Win32
		{DA0E72C5-2B10-3F79-9FF6-70E2088A2C91}.Debug|Win32.ActiveCfg = Debug|Win32
		{DA0E72C5-2B10-3F79-9FF6-70E2088A2C91}.Debug|Win32.Build.0 = Debug|Win32
		{DA0E72C5-2B10-3F79-9FF6-70E2088A2C91}.Release|Win32.ActiveCfg = Release|Win32
		{DA0E72C5-2B10-3F79-9FF6-70E2088A2C91}.Release|Win32.Build.0 = Release|Win32
		{DA0E72C5-2B10-3F79-9FF6-70E2088A2C91}.Template|Win32.ActiveCfg = Template|Win32
		{DA0E72C5-2B10-3F79-9FF6-70E2088A2C91}.Template|Win32.Build.0 = Template|Win32
	EndGlobalSection
	GlobalSection(SolutionProperties) = preSolution
		HideSolutionNode = FALSE
	EndGlobalSection
EndGlobal
